// !$*UTF8*$!
{
	archiveVersion = 1;
	classes = {
	};
	objectVersion = 46;
	objects = {

/* Begin PBXBuildFile section */
		D28EFB6F1D88A7DF00A29E0B /* AppDelegate.swift in Sources */ = {isa = PBXBuildFile; fileRef = D28EFB6E1D88A7DF00A29E0B /* AppDelegate.swift */; };
		D28EFB711D88A7DF00A29E0B /* ViewController.swift in Sources */ = {isa = PBXBuildFile; fileRef = D28EFB701D88A7DF00A29E0B /* ViewController.swift */; };
		D28EFB741D88A7DF00A29E0B /* Main.storyboard in Resources */ = {isa = PBXBuildFile; fileRef = D28EFB721D88A7DF00A29E0B /* Main.storyboard */; };
		D28EFB761D88A7DF00A29E0B /* Assets.xcassets in Resources */ = {isa = PBXBuildFile; fileRef = D28EFB751D88A7DF00A29E0B /* Assets.xcassets */; };
		D28EFB791D88A7DF00A29E0B /* LaunchScreen.storyboard in Resources */ = {isa = PBXBuildFile; fileRef = D28EFB771D88A7DF00A29E0B /* LaunchScreen.storyboard */; };
/* End PBXBuildFile section */

/* Begin PBXFileReference section */
		D28EFB6B1D88A7DF00A29E0B /* LoveTheWorld.app */ = {isa = PBXFileReference; explicitFileType = wrapper.application; includeInIndex = 0; path = LoveTheWorld.app; sourceTree = BUILT_PRODUCTS_DIR; };
		D28EFB6E1D88A7DF00A29E0B /* AppDelegate.swift */ = {isa = PBXFileReference; lastKnownFileType = sourcecode.swift; path = AppDelegate.swift; sourceTree = "<group>"; };
		D28EFB701D88A7DF00A29E0B /* ViewController.swift */ = {isa = PBXFileReference; lastKnownFileType = sourcecode.swift; path = ViewController.swift; sourceTree = "<group>"; };
		D28EFB731D88A7DF00A29E0B /* Base */ = {isa = PBXFileReference; lastKnownFileType = file.storyboard; name = Base; path = Base.lproj/Main.storyboard; sourceTree = "<group>"; };
		D28EFB751D88A7DF00A29E0B /* Assets.xcassets */ = {isa = PBXFileReference; lastKnownFileType = folder.assetcatalog; path = Assets.xcassets; sourceTree = "<group>"; };
		D28EFB781D88A7DF00A29E0B /* Base */ = {isa = PBXFileReference; lastKnownFileType = file.storyboard; name = Base; path = Base.lproj/LaunchScreen.storyboard; sourceTree = "<group>"; };
		D28EFB7A1D88A7DF00A29E0B /* Info.plist */ = {isa = PBXFileReference; lastKnownFileType = text.plist.xml; path = Info.plist; sourceTree = "<group>"; };
/* End PBXFileReference section */

/* Begin PBXFrameworksBuildPhase section */
		D28EFB681D88A7DE00A29E0B /* Frameworks */ = {
			isa = PBXFrameworksBuildPhase;
			buildActionMask = 2147483647;
			files = (
			);
			runOnlyForDeploymentPostprocessing = 0;
		};
/* End PBXFrameworksBuildPhase section */

/* Begin PBXGroup section */
		D28EFB621D88A7DE00A29E0B = {
			isa = PBXGroup;
			children = (
				D28EFB6D1D88A7DF00A29E0B /* LoveTheWorld */,
				D28EFB6C1D88A7DF00A29E0B /* Products */,
			);
			sourceTree = "<group>";
		};
		D28EFB6C1D88A7DF00A29E0B /* Products */ = {
			isa = PBXGroup;
			children = (
				D28EFB6B1D88A7DF00A29E0B /* LoveTheWorld.app */,
			);
			name = Products;
			sourceTree = "<group>";
		};
		D28EFB6D1D88A7DF00A29E0B /* LoveTheWorld */ = {
			isa = PBXGroup;
			children = (
				D28EFB6E1D88A7DF00A29E0B /* AppDelegate.swift */,
				D28EFB701D88A7DF00A29E0B /* ViewController.swift */,
				D28EFB721D88A7DF00A29E0B /* Main.storyboard */,
				D28EFB751D88A7DF00A29E0B /* Assets.xcassets */,
				D28EFB771D88A7DF00A29E0B /* LaunchScreen.storyboard */,
				D28EFB7A1D88A7DF00A29E0B /* Info.plist */,
			);
			path = LoveTheWorld;
			sourceTree = "<group>";
		};
/* End PBXGroup section */

/* Begin PBXNativeTarget section */
		D28EFB6A1D88A7DE00A29E0B /* LoveTheWorld */ = {
			isa = PBXNativeTarget;
			buildConfigurationList = D28EFB7D1D88A7DF00A29E0B /* Build configuration list for PBXNativeTarget "LoveTheWorld" */;
			buildPhases = (
				D28EFB671D88A7DE00A29E0B /* Sources */,
				D28EFB681D88A7DE00A29E0B /* Frameworks */,
				D28EFB691D88A7DE00A29E0B /* Resources */,
			);
			buildRules = (
			);
			dependencies = (
			);
			name = LoveTheWorld;
			productName = LoveTheWorld;
			productReference = D28EFB6B1D88A7DF00A29E0B /* LoveTheWorld.app */;
			productType = "com.apple.product-type.application";
		};
/* End PBXNativeTarget section */

/* Begin PBXProject section */
		D28EFB631D88A7DE00A29E0B /* Project object */ = {
			isa = PBXProject;
			attributes = {
				LastSwiftUpdateCheck = 0800;
				LastUpgradeCheck = 0800;
				ORGANIZATIONNAME = mentalbox;
				TargetAttributes = {
					D28EFB6A1D88A7DE00A29E0B = {
						CreatedOnToolsVersion = 8.0;
						DevelopmentTeam = K29E6876ZQ;
						ProvisioningStyle = Automatic;
					};
				};
			};
			buildConfigurationList = D28EFB661D88A7DE00A29E0B /* Build configuration list for PBXProject "LoveTheWorld" */;
			compatibilityVersion = "Xcode 3.2";
			developmentRegion = English;
			hasScannedForEncodings = 0;
			knownRegions = (
				en,
				Base,
			);
			mainGroup = D28EFB621D88A7DE00A29E0B;
			productRefGroup = D28EFB6C1D88A7DF00A29E0B /* Products */;
			projectDirPath = "";
			projectRoot = "";
			targets = (
				D28EFB6A1D88A7DE00A29E0B /* LoveTheWorld */,
			);
		};
/* End PBXProject section */

/* Begin PBXResourcesBuildPhase section */
		D28EFB691D88A7DE00A29E0B /* Resources */ = {
			isa = PBXResourcesBuildPhase;
			buildActionMask = 2147483647;
			files = (
				D28EFB791D88A7DF00A29E0B /* LaunchScreen.storyboard in Resources */,
				D28EFB761D88A7DF00A29E0B /* Assets.xcassets in Resources */,
				D28EFB741D88A7DF00A29E0B /* Main.storyboard in Resources */,
			);
			runOnlyForDeploymentPostprocessing = 0;
		};
/* End PBXResourcesBuildPhase section */

/* Begin PBXSourcesBuildPhase section */
		D28EFB671D88A7DE00A29E0B /* Sources */ = {
			isa = PBXSourcesBuildPhase;
			buildActionMask = 2147483647;
			files = (
				D28EFB711D88A7DF00A29E0B /* ViewController.swift in Sources */,
				D28EFB6F1D88A7DF00A29E0B /* AppDelegate.swift in Sources */,
			);
			runOnlyForDeploymentPostprocessing = 0;
		};
/* End PBXSourcesBuildPhase section */

/* Begin PBXVariantGroup section */
		D28EFB721D88A7DF00A29E0B /* Main.storyboard */ = {
			isa = PBXVariantGroup;
			children = (
				D28EFB731D88A7DF00A29E0B /* Base */,
			);
			name = Main.storyboard;
			sourceTree = "<group>";
		};
		D28EFB771D88A7DF00A29E0B /* LaunchScreen.storyboard */ = {
			isa = PBXVariantGroup;
			children = (
				D28EFB781D88A7DF00A29E0B /* Base */,
			);
			name = LaunchScreen.storyboard;
			sourceTree = "<group>";
		};
/* End PBXVariantGroup section */

/* Begin XCBuildConfiguration section */
		D28EFB7B1D88A7DF00A29E0B /* Debug */ = {
			isa = XCBuildConfiguration;
			buildSettings = {
				ALWAYS_SEARCH_USER_PATHS = NO;
				CLANG_ANALYZER_NONNULL = YES;
				CLANG_CXX_LANGUAGE_STANDARD = "gnu++0x";
				CLANG_CXX_LIBRARY = "libc++";
				CLANG_ENABLE_MODULES = YES;
				CLANG_ENABLE_OBJC_ARC = YES;
				CLANG_WARN_BOOL_CONVERSION = YES;
				CLANG_WARN_CONSTANT_CONVERSION = YES;
				CLANG_WARN_DIRECT_OBJC_ISA_USAGE = YES_ERROR;
				CLANG_WARN_DOCUMENTATION_COMMENTS = YES;
				CLANG_WARN_EMPTY_BODY = YES;
				CLANG_WARN_ENUM_CONVERSION = YES;
				CLANG_WARN_INFINITE_RECURSION = YES;
				CLANG_WARN_INT_CONVERSION = YES;
				CLANG_WARN_OBJC_ROOT_CLASS = YES_ERROR;
				CLANG_WARN_SUSPICIOUS_MOVES = YES;
				CLANG_WARN_UNREACHABLE_CODE = YES;
				CLANG_WARN__DUPLICATE_METHOD_MATCH = YES;
				"CODE_SIGN_IDENTITY[sdk=iphoneos*]" = "iPhone Developer";
				COPY_PHASE_STRIP = NO;
				DEBUG_INFORMATION_FORMAT = dwarf;
				ENABLE_STRICT_OBJC_MSGSEND = YES;
				ENABLE_TESTABILITY = YES;
				GCC_C_LANGUAGE_STANDARD = gnu99;
				GCC_DYNAMIC_NO_PIC = NO;
				GCC_NO_COMMON_BLOCKS = YES;
				GCC_OPTIMIZATION_LEVEL = 0;
				GCC_PREPROCESSOR_DEFINITIONS = (
					"DEBUG=1",
					"$(inherited)",
				);
				GCC_WARN_64_TO_32_BIT_CONVERSION = YES;
				GCC_WARN_ABOUT_RETURN_TYPE = YES_ERROR;
				GCC_WARN_UNDECLARED_SELECTOR = YES;
				GCC_WARN_UNINITIALIZED_AUTOS = YES_AGGRESSIVE;
				GCC_WARN_UNUSED_FUNCTION = YES;
				GCC_WARN_UNUSED_VARIABLE = YES;
				IPHONEOS_DEPLOYMENT_TARGET = 10.0;
				MTL_ENABLE_DEBUG_INFO = YES;
				ONLY_ACTIVE_ARCH = YES;
				SDKROOT = iphoneos;
				SWIFT_ACTIVE_COMPILATION_CONDITIONS = DEBUG;
				SWIFT_OPTIMIZATION_LEVEL = "-Onone";
				TARGETED_DEVICE_FAMILY = "1,2";
			};
			name = Debug;
		};
		D28EFB7C1D88A7DF00A29E0B /* Release */ = {
			isa = XCBuildConfiguration;
			buildSettings = {
				ALWAYS_SEARCH_USER_PATHS = NO;
				CLANG_ANALYZER_NONNULL = YES;
				CLANG_CXX_LANGUAGE_STANDARD = "gnu++0x";
				CLANG_CXX_LIBRARY = "libc++";
				CLANG_ENABLE_MODULES = YES;
				CLANG_ENABLE_OBJC_ARC = YES;
				CLANG_WARN_BOOL_CONVERSION = YES;
				CLANG_WARN_CONSTANT_CONVERSION = YES;
				CLANG_WARN_DIRECT_OBJC_ISA_USAGE = YES_ERROR;
				CLANG_WARN_DOCUMENTATION_COMMENTS = YES;
				CLANG_WARN_EMPTY_BODY = YES;
				CLANG_WARN_ENUM_CONVERSION = YES;
				CLANG_WARN_INFINITE_RECURSION = YES;
				CLANG_WARN_INT_CONVERSION = YES;
				CLANG_WARN_OBJC_ROOT_CLASS = YES_ERROR;
				CLANG_WARN_SUSPICIOUS_MOVES = YES;
				CLANG_WARN_UNREACHABLE_CODE = YES;
				CLANG_WARN__DUPLICATE_METHOD_MATCH = YES;
				"CODE_SIGN_IDENTITY[sdk=iphoneos*]" = "iPhone Developer";
				COPY_PHASE_STRIP = NO;
				DEBUG_INFORMATION_FORMAT = "dwarf-with-dsym";
				ENABLE_NS_ASSERTIONS = NO;
				ENABLE_STRICT_OBJC_MSGSEND = YES;
				GCC_C_LANGUAGE_STANDARD = gnu99;
				GCC_NO_COMMON_BLOCKS = YES;
				GCC_WARN_64_TO_32_BIT_CONVERSION = YES;
				GCC_WARN_ABOUT_RETURN_TYPE = YES_ERROR;
				GCC_WARN_UNDECLARED_SELECTOR = YES;
				GCC_WARN_UNINITIALIZED_AUTOS = YES_AGGRESSIVE;
				GCC_WARN_UNUSED_FUNCTION = YES;
				GCC_WARN_UNUSED_VARIABLE = YES;
				IPHONEOS_DEPLOYMENT_TARGET = 10.0;
				MTL_ENABLE_DEBUG_INFO = NO;
				SDKROOT = iphoneos;
				SWIFT_OPTIMIZATION_LEVEL = "-Owholemodule";
				TARGETED_DEVICE_FAMILY = "1,2";
				VALIDATE_PRODUCT = YES;
			};
			name = Release;
		};
		D28EFB7E1D88A7DF00A29E0B /* Debug */ = {
			isa = XCBuildConfiguration;
			buildSettings = {
				ASSETCATALOG_COMPILER_APPICON_NAME = AppIcon;
				DEVELOPMENT_TEAM = K29E6876ZQ;
				INFOPLIST_FILE = LoveTheWorld/Info.plist;
				LD_RUNPATH_SEARCH_PATHS = "$(inherited) @executable_path/Frameworks";
				PRODUCT_BUNDLE_IDENTIFIER = org.mentalbox.LoveTheWorld;
				PRODUCT_NAME = "$(TARGET_NAME)";
				SWIFT_VERSION = 3.0;
			};
			name = Debug;
		};
		D28EFB7F1D88A7DF00A29E0B /* Release */ = {
			isa = XCBuildConfiguration;
			buildSettings = {
				ASSETCATALOG_COMPILER_APPICON_NAME = AppIcon;
				DEVELOPMENT_TEAM = K29E6876ZQ;
				INFOPLIST_FILE = LoveTheWorld/Info.plist;
				LD_RUNPATH_SEARCH_PATHS = "$(inherited) @executable_path/Frameworks";
				PRODUCT_BUNDLE_IDENTIFIER = org.mentalbox.LoveTheWorld;
				PRODUCT_NAME = "$(TARGET_NAME)";
				SWIFT_VERSION = 3.0;
			};
			name = Release;
		};
/* End XCBuildConfiguration section */

/* Begin XCConfigurationList section */
		D28EFB661D88A7DE00A29E0B /* Build configuration list for PBXProject "LoveTheWorld" */ = {
			isa = XCConfigurationList;
			buildConfigurations = (
				D28EFB7B1D88A7DF00A29E0B /* Debug */,
				D28EFB7C1D88A7DF00A29E0B /* Release */,
			);
			defaultConfigurationIsVisible = 0;
			defaultConfigurationName = Release;
		};
		D28EFB7D1D88A7DF00A29E0B /* Build configuration list for PBXNativeTarget "LoveTheWorld" */ = {
			isa = XCConfigurationList;
			buildConfigurations = (
				D28EFB7E1D88A7DF00A29E0B /* Debug */,
				D28EFB7F1D88A7DF00A29E0B /* Release */,
			);
			defaultConfigurationIsVisible = 0;
		};
/* End XCConfigurationList section */
	};
	rootObject = D28EFB631D88A7DE00A29E0B /* Project object */;
}
